
Microsoft Visual Studio Solution File, Format Version 12.00
# Visual Studio Version 17
VisualStudioVersion = 17.14.36518.9
MinimumVisualStudioVersion = 10.0.40219.1
Project("{FAE04EC0-301F-11D3-BF4B-00C04F79EFBC}") = "PromoCodeEmailService", "PromoCodeEmailService\PromoCodeEmailService.csproj", "{6266EC28-90C3-43A3-861D-407EED3F21C1}"
EndProject
Project("{54435603-DBB4-11D2-8724-00A0C9A8B90C}") = "PromoCodeEmailServiceInstaller", "PromoCodeEmailServiceInstaller\PromoCodeEmailServiceInstaller.vdproj", "{8DBE2027-6A8A-56B9-0C7E-17E60028B5C0}"
EndProject
Global
	GlobalSection(SolutionConfigurationPlatforms) = preSolution
		Debug|Any CPU = Debug|Any CPU
		Release|Any CPU = Release|Any CPU
	EndGlobalSection
	GlobalSection(ProjectConfigurationPlatforms) = postSolution
		{6266EC28-90C3-43A3-861D-407EED3F21C1}.Debug|Any CPU.ActiveCfg = Debug|Any CPU
		{6266EC28-90C3-43A3-861D-407EED3F21C1}.Debug|Any CPU.Build.0 = Debug|Any CPU
		{6266EC28-90C3-43A3-861D-407EED3F21C1}.Release|Any CPU.ActiveCfg = Release|Any CPU
		{6266EC28-90C3-43A3-861D-407EED3F21C1}.Release|Any CPU.Build.0 = Release|Any CPU
		{8DBE2027-6A8A-56B9-0C7E-17E60028B5C0}.Debug|Any CPU.ActiveCfg = Debug
		{8DBE2027-6A8A-56B9-0C7E-17E60028B5C0}.Release|Any CPU.ActiveCfg = Release
	EndGlobalSection
	GlobalSection(SolutionProperties) = preSolution
		HideSolutionNode = FALSE
	EndGlobalSection
	GlobalSection(ExtensibilityGlobals) = postSolution
		SolutionGuid = {1F216A1C-FBB4-45FF-BFB4-01A51AA8A217}
	EndGlobalSection
EndGlobal
